
Microsoft Visual Studio Solution File, Format Version 12.00
# Visual Studio 2012
Project("{FAE04EC0-301F-11D3-BF4B-00C04F79EFBC}") = "security1", "security1\security1.csproj", "{903CACDC-CAAB-4AB4-8725-FF413AF74187}"
EndProject
Global
	GlobalSection(SolutionConfigurationPlatforms) = preSolution
		Debug|Any CPU = Debug|Any CPU
		Release|Any CPU = Release|Any CPU
	EndGlobalSection
	GlobalSection(ProjectConfigurationPlatforms) = postSolution
		{903CACDC-CAAB-4AB4-8725-FF413AF74187}.Debug|Any CPU.ActiveCfg = Debug|Any CPU
		{903CACDC-CAAB-4AB4-8725-FF413AF74187}.Debug|Any CPU.Build.0 = Debug|Any CPU
		{903CACDC-CAAB-4AB4-8725-FF413AF74187}.Release|Any CPU.ActiveCfg = Release|Any CPU
		{903CACDC-CAAB-4AB4-8725-FF413AF74187}.Release|Any CPU.Build.0 = Release|Any CPU
	EndGlobalSection
	GlobalSection(SolutionProperties) = preSolution
		HideSolutionNode = FALSE
	EndGlobalSection
EndGlobal
